{
  "requires": true,
  "lockfileVersion": 1,
  "dependencies": {
    "filesaver.js": {
      "version": "1.3.4",
      "resolved": "https://registry.npmjs.org/filesaver.js/-/filesaver.js-1.3.4.tgz",
      "integrity": "sha512-mkBMT9o4jEejgiG85bYn1jZvJ3V6UtOo8Afhn2h0FTlon4oMuDNNIEIZD61NvZwY4ruAsyFhXuYitFK77UwC+Q=="
    }
  }
}
